
Microsoft Visual Studio Solution File, Format Version 12.00
# Visual Studio 15
VisualStudioVersion = 15.0.28307.168
MinimumVisualStudioVersion = 10.0.40219.1
Project("{2150E333-8FDC-42A3-9474-1A3956D46DE8}") = "1-Application", "1-Application", "{54874F74-06D4-4A46-97D1-8658A08F119F}"
EndProject
Project("{2150E333-8FDC-42A3-9474-1A3956D46DE8}") = "2-Domain", "2-Domain", "{0E43DC7C-7C7E-4126-9A34-4C0C58581E3D}"
EndProject
Project("{2150E333-8FDC-42A3-9474-1A3956D46DE8}") = "3-Service", "3-Service", "{5C41A817-CADB-474F-848E-9ADECDDBCCF3}"
EndProject
Project("{2150E333-8FDC-42A3-9474-1A3956D46DE8}") = "4-Infra", "4-Infra", "{DEA2B206-FD17-4ABC-BAE4-7252E7E364FF}"
EndProject
Project("{2150E333-8FDC-42A3-9474-1A3956D46DE8}") = "4.1-Data", "4.1-Data", "{38DC8805-F9DE-4F46-998A-B70D24408908}"
EndProject
Project("{2150E333-8FDC-42A3-9474-1A3956D46DE8}") = "4.2-CrossCutting", "4.2-CrossCutting", "{66FCED7E-9906-44EC-AE7F-9CE768E0026F}"
EndProject
Project("{FAE04EC0-301F-11D3-BF4B-00C04F79EFBC}") = "Ingresso.Application", "Ingresso.Application\Ingresso.Application.csproj", "{745BB41D-9DD6-4E10-A3B8-6BF9F89020C6}"
EndProject
Global
	GlobalSection(SolutionConfigurationPlatforms) = preSolution
		Debug|Any CPU = Debug|Any CPU
		Release|Any CPU = Release|Any CPU
	EndGlobalSection
	GlobalSection(ProjectConfigurationPlatforms) = postSolution
		{745BB41D-9DD6-4E10-A3B8-6BF9F89020C6}.Debug|Any CPU.ActiveCfg = Debug|Any CPU
		{745BB41D-9DD6-4E10-A3B8-6BF9F89020C6}.Debug|Any CPU.Build.0 = Debug|Any CPU
		{745BB41D-9DD6-4E10-A3B8-6BF9F89020C6}.Release|Any CPU.ActiveCfg = Release|Any CPU
		{745BB41D-9DD6-4E10-A3B8-6BF9F89020C6}.Release|Any CPU.Build.0 = Release|Any CPU
	EndGlobalSection
	GlobalSection(SolutionProperties) = preSolution
		HideSolutionNode = FALSE
	EndGlobalSection
	GlobalSection(NestedProjects) = preSolution
		{38DC8805-F9DE-4F46-998A-B70D24408908} = {DEA2B206-FD17-4ABC-BAE4-7252E7E364FF}
		{66FCED7E-9906-44EC-AE7F-9CE768E0026F} = {DEA2B206-FD17-4ABC-BAE4-7252E7E364FF}
		{745BB41D-9DD6-4E10-A3B8-6BF9F89020C6} = {54874F74-06D4-4A46-97D1-8658A08F119F}
	EndGlobalSection
	GlobalSection(ExtensibilityGlobals) = postSolution
		SolutionGuid = {7C2201A2-711C-4DBE-8EDF-56CCC8FB4EA4}
	EndGlobalSection
EndGlobal
